<Solution>
  <Configurations>
    <Platform Name="x64" />
    <Platform Name="x86" />
  </Configurations>
  <Project Path="MathLibrary/MathLibrary.vcxproj" Id="dcd32542-6b31-4a9a-a951-081d56de26a3" />
  <Project Path="MathVectors/MathVectors.vcxproj" Id="110c4b6a-5c60-45b0-9e29-c4001c0c0297">
    <BuildDependency Project="MathLibrary/MathLibrary.vcxproj" />
  </Project>
</Solution>
