
Microsoft Visual Studio Solution File, Format Version 12.00
# Visual Studio Version 17
VisualStudioVersion = 17.14.36705.20 d17.14
MinimumVisualStudioVersion = 10.0.40219.1
Project("{8BC9CEB8-8B4A-11D0-8D11-00A0C91BC942}") = "Dll1", "Dll1\Dll1.vcxproj", "{7BF0359F-00E0-424A-A548-C06495B029E4}"
EndProject
Global
	GlobalSection(SolutionConfigurationPlatforms) = preSolution
		Debug|x64 = Debug|x64
		Debug|x86 = Debug|x86
		Release|x64 = Release|x64
		Release|x86 = Release|x86
	EndGlobalSection
	GlobalSection(ProjectConfigurationPlatforms) = postSolution
		{7BF0359F-00E0-424A-A548-C06495B029E4}.Debug|x64.ActiveCfg = Debug|x64
		{7BF0359F-00E0-424A-A548-C06495B029E4}.Debug|x64.Build.0 = Debug|x64
		{7BF0359F-00E0-424A-A548-C06495B029E4}.Debug|x86.ActiveCfg = Debug|Win32
		{7BF0359F-00E0-424A-A548-C06495B029E4}.Debug|x86.Build.0 = Debug|Win32
		{7BF0359F-00E0-424A-A548-C06495B029E4}.Release|x64.ActiveCfg = Release|x64
		{7BF0359F-00E0-424A-A548-C06495B029E4}.Release|x64.Build.0 = Release|x64
		{7BF0359F-00E0-424A-A548-C06495B029E4}.Release|x86.ActiveCfg = Release|Win32
		{7BF0359F-00E0-424A-A548-C06495B029E4}.Release|x86.Build.0 = Release|Win32
	EndGlobalSection
	GlobalSection(SolutionProperties) = preSolution
		HideSolutionNode = FALSE
	EndGlobalSection
	GlobalSection(ExtensibilityGlobals) = postSolution
		SolutionGuid = {E5143C51-ED18-4F95-A35E-F096D4B7CD84}
	EndGlobalSection
EndGlobal
