
Microsoft Visual Studio Solution File, Format Version 12.00
# Visual Studio Version 17
VisualStudioVersion = 17.14.36717.8 d17.14
MinimumVisualStudioVersion = 10.0.40219.1
Project("{8BC9CEB8-8B4A-11D0-8D11-00A0C91BC942}") = "Mini_HW5", "Mini_HW5.vcxproj", "{130962A8-C10C-490C-9BCE-BD09A4157A7C}"
EndProject
Global
	GlobalSection(SolutionConfigurationPlatforms) = preSolution
		Debug|x64 = Debug|x64
		Debug|x86 = Debug|x86
		Release|x64 = Release|x64
		Release|x86 = Release|x86
	EndGlobalSection
	GlobalSection(ProjectConfigurationPlatforms) = postSolution
		{130962A8-C10C-490C-9BCE-BD09A4157A7C}.Debug|x64.ActiveCfg = Debug|x64
		{130962A8-C10C-490C-9BCE-BD09A4157A7C}.Debug|x64.Build.0 = Debug|x64
		{130962A8-C10C-490C-9BCE-BD09A4157A7C}.Debug|x86.ActiveCfg = Debug|Win32
		{130962A8-C10C-490C-9BCE-BD09A4157A7C}.Debug|x86.Build.0 = Debug|Win32
		{130962A8-C10C-490C-9BCE-BD09A4157A7C}.Release|x64.ActiveCfg = Release|x64
		{130962A8-C10C-490C-9BCE-BD09A4157A7C}.Release|x64.Build.0 = Release|x64
		{130962A8-C10C-490C-9BCE-BD09A4157A7C}.Release|x86.ActiveCfg = Release|Win32
		{130962A8-C10C-490C-9BCE-BD09A4157A7C}.Release|x86.Build.0 = Release|Win32
	EndGlobalSection
	GlobalSection(SolutionProperties) = preSolution
		HideSolutionNode = FALSE
	EndGlobalSection
	GlobalSection(ExtensibilityGlobals) = postSolution
		SolutionGuid = {FC9B1AE9-5965-42EA-AC93-9C546DAD127C}
	EndGlobalSection
EndGlobal
